
Microsoft Visual Studio Solution File, Format Version 12.00
# Visual Studio 2013
VisualStudioVersion = 12.0.30723.0
MinimumVisualStudioVersion = 10.0.40219.1
Project("{FAE04EC0-301F-11D3-BF4B-00C04F79EFBC}") = "Engr.Enigma.Kernel", "Engr.Enigma.Kernel\Engr.Enigma.Kernel.csproj", "{40CE16C0-3107-4E39-AFAD-C79655F36AD0}"
EndProject
Project("{FAE04EC0-301F-11D3-BF4B-00C04F79EFBC}") = "Engr.Enigma.Test", "Engr.Enigma.Test\Engr.Enigma.Test.csproj", "{42BB33DD-C681-4A4E-AB9B-67ED973462DA}"
EndProject
Project("{2150E333-8FDC-42A3-9474-1A3956D46DE8}") = "Tests", "Tests", "{5658A4B5-B04F-4240-A2F1-5113F2EC81C0}"
EndProject
Project("{FAE04EC0-301F-11D3-BF4B-00C04F79EFBC}") = "Engr.Enigma.Tests", "Engr.Enigma.Tests\Engr.Enigma.Tests.csproj", "{79DA4B97-6CC9-4B9A-8CAD-18148213205F}"
EndProject
Global
	GlobalSection(SolutionConfigurationPlatforms) = preSolution
		Debug|Any CPU = Debug|Any CPU
		Release|Any CPU = Release|Any CPU
	EndGlobalSection
	GlobalSection(ProjectConfigurationPlatforms) = postSolution
		{40CE16C0-3107-4E39-AFAD-C79655F36AD0}.Debug|Any CPU.ActiveCfg = Debug|Any CPU
		{40CE16C0-3107-4E39-AFAD-C79655F36AD0}.Debug|Any CPU.Build.0 = Debug|Any CPU
		{40CE16C0-3107-4E39-AFAD-C79655F36AD0}.Release|Any CPU.ActiveCfg = Release|Any CPU
		{40CE16C0-3107-4E39-AFAD-C79655F36AD0}.Release|Any CPU.Build.0 = Release|Any CPU
		{42BB33DD-C681-4A4E-AB9B-67ED973462DA}.Debug|Any CPU.ActiveCfg = Debug|Any CPU
		{42BB33DD-C681-4A4E-AB9B-67ED973462DA}.Debug|Any CPU.Build.0 = Debug|Any CPU
		{42BB33DD-C681-4A4E-AB9B-67ED973462DA}.Release|Any CPU.ActiveCfg = Release|Any CPU
		{42BB33DD-C681-4A4E-AB9B-67ED973462DA}.Release|Any CPU.Build.0 = Release|Any CPU
		{79DA4B97-6CC9-4B9A-8CAD-18148213205F}.Debug|Any CPU.ActiveCfg = Debug|Any CPU
		{79DA4B97-6CC9-4B9A-8CAD-18148213205F}.Debug|Any CPU.Build.0 = Debug|Any CPU
		{79DA4B97-6CC9-4B9A-8CAD-18148213205F}.Release|Any CPU.ActiveCfg = Release|Any CPU
		{79DA4B97-6CC9-4B9A-8CAD-18148213205F}.Release|Any CPU.Build.0 = Release|Any CPU
	EndGlobalSection
	GlobalSection(SolutionProperties) = preSolution
		HideSolutionNode = FALSE
	EndGlobalSection
	GlobalSection(NestedProjects) = preSolution
		{79DA4B97-6CC9-4B9A-8CAD-18148213205F} = {5658A4B5-B04F-4240-A2F1-5113F2EC81C0}
	EndGlobalSection
EndGlobal
